// !$*UTF8*$!
{
	archiveVersion = 1;
	classes = {
	};
	objectVersion = 50;
	objects = {

/* Begin PBXBuildFile section */
		1D041D3625E28C3D0050BF7C /* AccessibilityRespondsToUserInteractionViewController.swift in Sources */ = {isa = PBXBuildFile; fileRef = 1D041D3525E28C3D0050BF7C /* AccessibilityRespondsToUserInteractionViewController.swift */; };
		1D098BEE25579549007D2F7F /* ApiBaseSamples.storyboard in Resources */ = {isa = PBXBuildFile; fileRef = 1D098BED25579549007D2F7F /* ApiBaseSamples.storyboard */; };
		1D72CB76254EDB8B0049F128 /* Documentation.swift in Sources */ = {isa = PBXBuildFile; fileRef = 1D72CB75254EDB8B0049F128 /* Documentation.swift */; };
		1D7426AC25EA394500C0334F /* AccessibilityViewIsModalViewController.swift in Sources */ = {isa = PBXBuildFile; fileRef = 1D7426AB25EA394500C0334F /* AccessibilityViewIsModalViewController.swift */; };
		1D89968F25C30340009E22C0 /* UIAccessibilityCustomRotorViewController.swift in Sources */ = {isa = PBXBuildFile; fileRef = 1D89968E25C30340009E22C0 /* UIAccessibilityCustomRotorViewController.swift */; };
		1D97D8742714054000B21917 /* AccessibilityTraitsButtonViewController.swift in Sources */ = {isa = PBXBuildFile; fileRef = 1D97D8732714054000B21917 /* AccessibilityTraitsButtonViewController.swift */; };
		1DA963ED253C641600A4B788 /* AppDelegate.swift in Sources */ = {isa = PBXBuildFile; fileRef = 1DA963EC253C641600A4B788 /* AppDelegate.swift */; };
		1DA963EF253C641600A4B788 /* SceneDelegate.swift in Sources */ = {isa = PBXBuildFile; fileRef = 1DA963EE253C641600A4B788 /* SceneDelegate.swift */; };
		1DA963F1253C641600A4B788 /* TopicViewController.swift in Sources */ = {isa = PBXBuildFile; fileRef = 1DA963F0253C641600A4B788 /* TopicViewController.swift */; };
		1DA963F4253C641600A4B788 /* Main.storyboard in Resources */ = {isa = PBXBuildFile; fileRef = 1DA963F2253C641600A4B788 /* Main.storyboard */; };
		1DA963F6253C641800A4B788 /* Assets.xcassets in Resources */ = {isa = PBXBuildFile; fileRef = 1DA963F5253C641800A4B788 /* Assets.xcassets */; };
		1DA963F9253C641800A4B788 /* LaunchScreen.storyboard in Resources */ = {isa = PBXBuildFile; fileRef = 1DA963F7253C641800A4B788 /* LaunchScreen.storyboard */; };
		1DB7B234255667B500E46FE9 /* Section.swift in Sources */ = {isa = PBXBuildFile; fileRef = 1DB7B233255667B500E46FE9 /* Section.swift */; };
		1DB7B236255667B700E46FE9 /* Decorator.swift in Sources */ = {isa = PBXBuildFile; fileRef = 1DB7B235255667B700E46FE9 /* Decorator.swift */; };
		1DB7B239255667B900E46FE9 /* API.swift in Sources */ = {isa = PBXBuildFile; fileRef = 1DB7B238255667B900E46FE9 /* API.swift */; };
		1DB7B23F2556682800E46FE9 /* Topic.swift in Sources */ = {isa = PBXBuildFile; fileRef = 1DB7B23E2556682800E46FE9 /* Topic.swift */; };
		1DB7B2422556682900E46FE9 /* Page.swift in Sources */ = {isa = PBXBuildFile; fileRef = 1DB7B2412556682900E46FE9 /* Page.swift */; };
		1DBCA4E225BD59E500C05AEA /* Extensions.swift in Sources */ = {isa = PBXBuildFile; fileRef = 1DBCA4E125BD59E500C05AEA /* Extensions.swift */; };
		1DCE9F2E25C6DC0600A474C0 /* MinHeightCell.swift in Sources */ = {isa = PBXBuildFile; fileRef = 1DCE9F2D25C6DC0600A474C0 /* MinHeightCell.swift */; };
		1DDB5ABB25C0602F000FDFAA /* UIAccessibilityTraitsViewController.swift in Sources */ = {isa = PBXBuildFile; fileRef = 1DDB5ABA25C0602F000FDFAA /* UIAccessibilityTraitsViewController.swift */; };
		1DE3DE8825C44881007560B3 /* AccessibilityElementsHiddenViewController.swift in Sources */ = {isa = PBXBuildFile; fileRef = 1DE3DE8725C44881007560B3 /* AccessibilityElementsHiddenViewController.swift */; };
/* End PBXBuildFile section */

/* Begin PBXFileReference section */
		1D041D3525E28C3D0050BF7C /* AccessibilityRespondsToUserInteractionViewController.swift */ = {isa = PBXFileReference; lastKnownFileType = sourcecode.swift; path = AccessibilityRespondsToUserInteractionViewController.swift; sourceTree = "<group>"; };
		1D098BED25579549007D2F7F /* ApiBaseSamples.storyboard */ = {isa = PBXFileReference; lastKnownFileType = file.storyboard; path = ApiBaseSamples.storyboard; sourceTree = "<group>"; };
		1D72CB75254EDB8B0049F128 /* Documentation.swift */ = {isa = PBXFileReference; lastKnownFileType = sourcecode.swift; path = Documentation.swift; sourceTree = "<group>"; };
		1D7426AB25EA394500C0334F /* AccessibilityViewIsModalViewController.swift */ = {isa = PBXFileReference; lastKnownFileType = sourcecode.swift; path = AccessibilityViewIsModalViewController.swift; sourceTree = "<group>"; };
		1D89968E25C30340009E22C0 /* UIAccessibilityCustomRotorViewController.swift */ = {isa = PBXFileReference; lastKnownFileType = sourcecode.swift; path = UIAccessibilityCustomRotorViewController.swift; sourceTree = "<group>"; };
		1D97D8732714054000B21917 /* AccessibilityTraitsButtonViewController.swift */ = {isa = PBXFileReference; lastKnownFileType = sourcecode.swift; path = AccessibilityTraitsButtonViewController.swift; sourceTree = "<group>"; };
		1DA963E9253C641600A4B788 /* iOS-Accessibility-Sampler.app */ = {isa = PBXFileReference; explicitFileType = wrapper.application; includeInIndex = 0; path = "iOS-Accessibility-Sampler.app"; sourceTree = BUILT_PRODUCTS_DIR; };
		1DA963EC253C641600A4B788 /* AppDelegate.swift */ = {isa = PBXFileReference; lastKnownFileType = sourcecode.swift; path = AppDelegate.swift; sourceTree = "<group>"; };
		1DA963EE253C641600A4B788 /* SceneDelegate.swift */ = {isa = PBXFileReference; lastKnownFileType = sourcecode.swift; path = SceneDelegate.swift; sourceTree = "<group>"; };
		1DA963F0253C641600A4B788 /* TopicViewController.swift */ = {isa = PBXFileReference; lastKnownFileType = sourcecode.swift; path = TopicViewController.swift; sourceTree = "<group>"; };
		1DA963F3253C641600A4B788 /* Base */ = {isa = PBXFileReference; lastKnownFileType = file.storyboard; name = Base; path = Base.lproj/Main.storyboard; sourceTree = "<group>"; };
		1DA963F5253C641800A4B788 /* Assets.xcassets */ = {isa = PBXFileReference; lastKnownFileType = folder.assetcatalog; path = Assets.xcassets; sourceTree = "<group>"; };
		1DA963F8253C641800A4B788 /* Base */ = {isa = PBXFileReference; lastKnownFileType = file.storyboard; name = Base; path = Base.lproj/LaunchScreen.storyboard; sourceTree = "<group>"; };
		1DA963FA253C641800A4B788 /* Info.plist */ = {isa = PBXFileReference; lastKnownFileType = text.plist.xml; path = Info.plist; sourceTree = "<group>"; };
		1DB7B233255667B500E46FE9 /* Section.swift */ = {isa = PBXFileReference; lastKnownFileType = sourcecode.swift; path = Section.swift; sourceTree = "<group>"; };
		1DB7B235255667B700E46FE9 /* Decorator.swift */ = {isa = PBXFileReference; lastKnownFileType = sourcecode.swift; path = Decorator.swift; sourceTree = "<group>"; };
		1DB7B238255667B900E46FE9 /* API.swift */ = {isa = PBXFileReference; lastKnownFileType = sourcecode.swift; path = API.swift; sourceTree = "<group>"; };
		1DB7B23E2556682800E46FE9 /* Topic.swift */ = {isa = PBXFileReference; lastKnownFileType = sourcecode.swift; path = Topic.swift; sourceTree = "<group>"; };
		1DB7B2412556682900E46FE9 /* Page.swift */ = {isa = PBXFileReference; lastKnownFileType = sourcecode.swift; path = Page.swift; sourceTree = "<group>"; };
		1DBCA4E125BD59E500C05AEA /* Extensions.swift */ = {isa = PBXFileReference; lastKnownFileType = sourcecode.swift; path = Extensions.swift; sourceTree = "<group>"; };
		1DCE9F2D25C6DC0600A474C0 /* MinHeightCell.swift */ = {isa = PBXFileReference; lastKnownFileType = sourcecode.swift; path = MinHeightCell.swift; sourceTree = "<group>"; };
		1DDB5ABA25C0602F000FDFAA /* UIAccessibilityTraitsViewController.swift */ = {isa = PBXFileReference; lastKnownFileType = sourcecode.swift; path = UIAccessibilityTraitsViewController.swift; sourceTree = "<group>"; };
		1DE3DE8725C44881007560B3 /* AccessibilityElementsHiddenViewController.swift */ = {isa = PBXFileReference; lastKnownFileType = sourcecode.swift; path = AccessibilityElementsHiddenViewController.swift; sourceTree = "<group>"; };
/* End PBXFileReference section */

/* Begin PBXFrameworksBuildPhase section */
		1DA963E6253C641600A4B788 /* Frameworks */ = {
			isa = PBXFrameworksBuildPhase;
			buildActionMask = 2147483647;
			files = (
			);
			runOnlyForDeploymentPostprocessing = 0;
		};
/* End PBXFrameworksBuildPhase section */

/* Begin PBXGroup section */
		1D97D8722713FD2800B21917 /* CommonProblemSamples */ = {
			isa = PBXGroup;
			children = (
				1D97D8732714054000B21917 /* AccessibilityTraitsButtonViewController.swift */,
			);
			path = CommonProblemSamples;
			sourceTree = "<group>";
		};
		1DA963E0253C641600A4B788 = {
			isa = PBXGroup;
			children = (
				1DA963EB253C641600A4B788 /* iOS-Accessibility-Sampler */,
				1DA963EA253C641600A4B788 /* Products */,
			);
			sourceTree = "<group>";
		};
		1DA963EA253C641600A4B788 /* Products */ = {
			isa = PBXGroup;
			children = (
				1DA963E9253C641600A4B788 /* iOS-Accessibility-Sampler.app */,
			);
			name = Products;
			sourceTree = "<group>";
		};
		1DA963EB253C641600A4B788 /* iOS-Accessibility-Sampler */ = {
			isa = PBXGroup;
			children = (
				1DB7B226255665C800E46FE9 /* App */,
				1DB7B227255665E700E46FE9 /* Resources */,
				1DB7B228255666F000E46FE9 /* Views */,
				1DBCA4E025BD59BD00C05AEA /* Extensions */,
				1DB7B2292556671B00E46FE9 /* Models */,
				1DA963FA253C641800A4B788 /* Info.plist */,
			);
			path = "iOS-Accessibility-Sampler";
			sourceTree = "<group>";
		};
		1DB7B226255665C800E46FE9 /* App */ = {
			isa = PBXGroup;
			children = (
				1DA963EE253C641600A4B788 /* SceneDelegate.swift */,
				1DA963EC253C641600A4B788 /* AppDelegate.swift */,
			);
			path = App;
			sourceTree = "<group>";
		};
		1DB7B227255665E700E46FE9 /* Resources */ = {
			isa = PBXGroup;
			children = (
				1DA963F7253C641800A4B788 /* LaunchScreen.storyboard */,
				1DA963F5253C641800A4B788 /* Assets.xcassets */,
			);
			path = Resources;
			sourceTree = "<group>";
		};
		1DB7B228255666F000E46FE9 /* Views */ = {
			isa = PBXGroup;
			children = (
				1DA963F0253C641600A4B788 /* TopicViewController.swift */,
				1DA963F2253C641600A4B788 /* Main.storyboard */,
				1DCE9F2D25C6DC0600A474C0 /* MinHeightCell.swift */,
				1DB7B22A2556672B00E46FE9 /* ApiBaseSamples */,
				1D97D8722713FD2800B21917 /* CommonProblemSamples */,
			);
			path = Views;
			sourceTree = "<group>";
		};
		1DB7B2292556671B00E46FE9 /* Models */ = {
			isa = PBXGroup;
			children = (
				1D72CB75254EDB8B0049F128 /* Documentation.swift */,
				1DB7B238255667B900E46FE9 /* API.swift */,
				1DB7B2412556682900E46FE9 /* Page.swift */,
				1DB7B23E2556682800E46FE9 /* Topic.swift */,
				1DB7B233255667B500E46FE9 /* Section.swift */,
				1DB7B235255667B700E46FE9 /* Decorator.swift */,
			);
			path = Models;
			sourceTree = "<group>";
		};
		1DB7B22A2556672B00E46FE9 /* ApiBaseSamples */ = {
			isa = PBXGroup;
			children = (
				1D098BED25579549007D2F7F /* ApiBaseSamples.storyboard */,
				1DDB5ABA25C0602F000FDFAA /* UIAccessibilityTraitsViewController.swift */,
				1D89968E25C30340009E22C0 /* UIAccessibilityCustomRotorViewController.swift */,
				1DE3DE8725C44881007560B3 /* AccessibilityElementsHiddenViewController.swift */,
				1D041D3525E28C3D0050BF7C /* AccessibilityRespondsToUserInteractionViewController.swift */,
				1D7426AB25EA394500C0334F /* AccessibilityViewIsModalViewController.swift */,
			);
			path = ApiBaseSamples;
			sourceTree = "<group>";
		};
		1DBCA4E025BD59BD00C05AEA /* Extensions */ = {
			isa = PBXGroup;
			children = (
				1DBCA4E125BD59E500C05AEA /* Extensions.swift */,
			);
			path = Extensions;
			sourceTree = "<group>";
		};
/* End PBXGroup section */

/* Begin PBXNativeTarget section */
		1DA963E8253C641600A4B788 /* iOS-Accessibility-Sampler */ = {
			isa = PBXNativeTarget;
			buildConfigurationList = 1DA963FD253C641800A4B788 /* Build configuration list for PBXNativeTarget "iOS-Accessibility-Sampler" */;
			buildPhases = (
				1DA963E5253C641600A4B788 /* Sources */,
				1DA963E6253C641600A4B788 /* Frameworks */,
				1DA963E7253C641600A4B788 /* Resources */,
			);
			buildRules = (
			);
			dependencies = (
			);
			name = "iOS-Accessibility-Sampler";
			productName = "iOS-Accessibility-Sampler";
			productReference = 1DA963E9253C641600A4B788 /* iOS-Accessibility-Sampler.app */;
			productType = "com.apple.product-type.application";
		};
/* End PBXNativeTarget section */

/* Begin PBXProject section */
		1DA963E1253C641600A4B788 /* Project object */ = {
			isa = PBXProject;
			attributes = {
				LastSwiftUpdateCheck = 1200;
				LastUpgradeCheck = 1200;
				TargetAttributes = {
					1DA963E8253C641600A4B788 = {
						CreatedOnToolsVersion = 12.0.1;
					};
				};
			};
			buildConfigurationList = 1DA963E4253C641600A4B788 /* Build configuration list for PBXProject "iOS-Accessibility-Sampler" */;
			compatibilityVersion = "Xcode 9.3";
			developmentRegion = en;
			hasScannedForEncodings = 0;
			knownRegions = (
				en,
				Base,
			);
			mainGroup = 1DA963E0253C641600A4B788;
			productRefGroup = 1DA963EA253C641600A4B788 /* Products */;
			projectDirPath = "";
			projectRoot = "";
			targets = (
				1DA963E8253C641600A4B788 /* iOS-Accessibility-Sampler */,
			);
		};
/* End PBXProject section */

/* Begin PBXResourcesBuildPhase section */
		1DA963E7253C641600A4B788 /* Resources */ = {
			isa = PBXResourcesBuildPhase;
			buildActionMask = 2147483647;
			files = (
				1DA963F9253C641800A4B788 /* LaunchScreen.storyboard in Resources */,
				1DA963F6253C641800A4B788 /* Assets.xcassets in Resources */,
				1D098BEE25579549007D2F7F /* ApiBaseSamples.storyboard in Resources */,
				1DA963F4253C641600A4B788 /* Main.storyboard in Resources */,
			);
			runOnlyForDeploymentPostprocessing = 0;
		};
/* End PBXResourcesBuildPhase section */

/* Begin PBXSourcesBuildPhase section */
		1DA963E5253C641600A4B788 /* Sources */ = {
			isa = PBXSourcesBuildPhase;
			buildActionMask = 2147483647;
			files = (
				1DB7B23F2556682800E46FE9 /* Topic.swift in Sources */,
				1DBCA4E225BD59E500C05AEA /* Extensions.swift in Sources */,
				1D7426AC25EA394500C0334F /* AccessibilityViewIsModalViewController.swift in Sources */,
				1D97D8742714054000B21917 /* AccessibilityTraitsButtonViewController.swift in Sources */,
				1D72CB76254EDB8B0049F128 /* Documentation.swift in Sources */,
				1DA963F1253C641600A4B788 /* TopicViewController.swift in Sources */,
				1DA963ED253C641600A4B788 /* AppDelegate.swift in Sources */,
				1DCE9F2E25C6DC0600A474C0 /* MinHeightCell.swift in Sources */,
				1D041D3625E28C3D0050BF7C /* AccessibilityRespondsToUserInteractionViewController.swift in Sources */,
				1DB7B2422556682900E46FE9 /* Page.swift in Sources */,
				1DB7B234255667B500E46FE9 /* Section.swift in Sources */,
				1D89968F25C30340009E22C0 /* UIAccessibilityCustomRotorViewController.swift in Sources */,
				1DB7B236255667B700E46FE9 /* Decorator.swift in Sources */,
				1DE3DE8825C44881007560B3 /* AccessibilityElementsHiddenViewController.swift in Sources */,
				1DB7B239255667B900E46FE9 /* API.swift in Sources */,
				1DDB5ABB25C0602F000FDFAA /* UIAccessibilityTraitsViewController.swift in Sources */,
				1DA963EF253C641600A4B788 /* SceneDelegate.swift in Sources */,
			);
			runOnlyForDeploymentPostprocessing = 0;
		};
/* End PBXSourcesBuildPhase section */

/* Begin PBXVariantGroup section */
		1DA963F2253C641600A4B788 /* Main.storyboard */ = {
			isa = PBXVariantGroup;
			children = (
				1DA963F3253C641600A4B788 /* Base */,
			);
			name = Main.storyboard;
			sourceTree = "<group>";
		};
		1DA963F7253C641800A4B788 /* LaunchScreen.storyboard */ = {
			isa = PBXVariantGroup;
			children = (
				1DA963F8253C641800A4B788 /* Base */,
			);
			name = LaunchScreen.storyboard;
			sourceTree = "<group>";
		};
/* End PBXVariantGroup section */

/* Begin XCBuildConfiguration section */
		1DA963FB253C641800A4B788 /* Debug */ = {
			isa = XCBuildConfiguration;
			buildSettings = {
				ALWAYS_SEARCH_USER_PATHS = NO;
				CLANG_ANALYZER_NONNULL = YES;
				CLANG_ANALYZER_NUMBER_OBJECT_CONVERSION = YES_AGGRESSIVE;
				CLANG_CXX_LANGUAGE_STANDARD = "gnu++14";
				CLANG_CXX_LIBRARY = "libc++";
				CLANG_ENABLE_MODULES = YES;
				CLANG_ENABLE_OBJC_ARC = YES;
				CLANG_ENABLE_OBJC_WEAK = YES;
				CLANG_WARN_BLOCK_CAPTURE_AUTORELEASING = YES;
				CLANG_WARN_BOOL_CONVERSION = YES;
				CLANG_WARN_COMMA = YES;
				CLANG_WARN_CONSTANT_CONVERSION = YES;
				CLANG_WARN_DEPRECATED_OBJC_IMPLEMENTATIONS = YES;
				CLANG_WARN_DIRECT_OBJC_ISA_USAGE = YES_ERROR;
				CLANG_WARN_DOCUMENTATION_COMMENTS = YES;
				CLANG_WARN_EMPTY_BODY = YES;
				CLANG_WARN_ENUM_CONVERSION = YES;
				CLANG_WARN_INFINITE_RECURSION = YES;
				CLANG_WARN_INT_CONVERSION = YES;
				CLANG_WARN_NON_LITERAL_NULL_CONVERSION = YES;
				CLANG_WARN_OBJC_IMPLICIT_RETAIN_SELF = YES;
				CLANG_WARN_OBJC_LITERAL_CONVERSION = YES;
				CLANG_WARN_OBJC_ROOT_CLASS = YES_ERROR;
				CLANG_WARN_QUOTED_INCLUDE_IN_FRAMEWORK_HEADER = YES;
				CLANG_WARN_RANGE_LOOP_ANALYSIS = YES;
				CLANG_WARN_STRICT_PROTOTYPES = YES;
				CLANG_WARN_SUSPICIOUS_MOVE = YES;
				CLANG_WARN_UNGUARDED_AVAILABILITY = YES_AGGRESSIVE;
				CLANG_WARN_UNREACHABLE_CODE = YES;
				CLANG_WARN__DUPLICATE_METHOD_MATCH = YES;
				COPY_PHASE_STRIP = NO;
				DEBUG_INFORMATION_FORMAT = dwarf;
				ENABLE_STRICT_OBJC_MSGSEND = YES;
				ENABLE_TESTABILITY = YES;
				GCC_C_LANGUAGE_STANDARD = gnu11;
				GCC_DYNAMIC_NO_PIC = NO;
				GCC_NO_COMMON_BLOCKS = YES;
				GCC_OPTIMIZATION_LEVEL = 0;
				GCC_PREPROCESSOR_DEFINITIONS = (
					"DEBUG=1",
					"$(inherited)",
				);
				GCC_WARN_64_TO_32_BIT_CONVERSION = YES;
				GCC_WARN_ABOUT_RETURN_TYPE = YES_ERROR;
				GCC_WARN_UNDECLARED_SELECTOR = YES;
				GCC_WARN_UNINITIALIZED_AUTOS = YES_AGGRESSIVE;
				GCC_WARN_UNUSED_FUNCTION = YES;
				GCC_WARN_UNUSED_VARIABLE = YES;
				IPHONEOS_DEPLOYMENT_TARGET = 14.0;
				MTL_ENABLE_DEBUG_INFO = INCLUDE_SOURCE;
				MTL_FAST_MATH = YES;
				ONLY_ACTIVE_ARCH = YES;
				SDKROOT = iphoneos;
				SWIFT_ACTIVE_COMPILATION_CONDITIONS = DEBUG;
				SWIFT_OPTIMIZATION_LEVEL = "-Onone";
			};
			name = Debug;
		};
		1DA963FC253C641800A4B788 /* Release */ = {
			isa = XCBuildConfiguration;
			buildSettings = {
				ALWAYS_SEARCH_USER_PATHS = NO;
				CLANG_ANALYZER_NONNULL = YES;
				CLANG_ANALYZER_NUMBER_OBJECT_CONVERSION = YES_AGGRESSIVE;
				CLANG_CXX_LANGUAGE_STANDARD = "gnu++14";
				CLANG_CXX_LIBRARY = "libc++";
				CLANG_ENABLE_MODULES = YES;
				CLANG_ENABLE_OBJC_ARC = YES;
				CLANG_ENABLE_OBJC_WEAK = YES;
				CLANG_WARN_BLOCK_CAPTURE_AUTORELEASING = YES;
				CLANG_WARN_BOOL_CONVERSION = YES;
				CLANG_WARN_COMMA = YES;
				CLANG_WARN_CONSTANT_CONVERSION = YES;
				CLANG_WARN_DEPRECATED_OBJC_IMPLEMENTATIONS = YES;
				CLANG_WARN_DIRECT_OBJC_ISA_USAGE = YES_ERROR;
				CLANG_WARN_DOCUMENTATION_COMMENTS = YES;
				CLANG_WARN_EMPTY_BODY = YES;
				CLANG_WARN_ENUM_CONVERSION = YES;
				CLANG_WARN_INFINITE_RECURSION = YES;
				CLANG_WARN_INT_CONVERSION = YES;
				CLANG_WARN_NON_LITERAL_NULL_CONVERSION = YES;
				CLANG_WARN_OBJC_IMPLICIT_RETAIN_SELF = YES;
				CLANG_WARN_OBJC_LITERAL_CONVERSION = YES;
				CLANG_WARN_OBJC_ROOT_CLASS = YES_ERROR;
				CLANG_WARN_QUOTED_INCLUDE_IN_FRAMEWORK_HEADER = YES;
				CLANG_WARN_RANGE_LOOP_ANALYSIS = YES;
				CLANG_WARN_STRICT_PROTOTYPES = YES;
				CLANG_WARN_SUSPICIOUS_MOVE = YES;
				CLANG_WARN_UNGUARDED_AVAILABILITY = YES_AGGRESSIVE;
				CLANG_WARN_UNREACHABLE_CODE = YES;
				CLANG_WARN__DUPLICATE_METHOD_MATCH = YES;
				COPY_PHASE_STRIP = NO;
				DEBUG_INFORMATION_FORMAT = "dwarf-with-dsym";
				ENABLE_NS_ASSERTIONS = NO;
				ENABLE_STRICT_OBJC_MSGSEND = YES;
				GCC_C_LANGUAGE_STANDARD = gnu11;
				GCC_NO_COMMON_BLOCKS = YES;
				GCC_WARN_64_TO_32_BIT_CONVERSION = YES;
				GCC_WARN_ABOUT_RETURN_TYPE = YES_ERROR;
				GCC_WARN_UNDECLARED_SELECTOR = YES;
				GCC_WARN_UNINITIALIZED_AUTOS = YES_AGGRESSIVE;
				GCC_WARN_UNUSED_FUNCTION = YES;
				GCC_WARN_UNUSED_VARIABLE = YES;
				IPHONEOS_DEPLOYMENT_TARGET = 14.0;
				MTL_ENABLE_DEBUG_INFO = NO;
				MTL_FAST_MATH = YES;
				SDKROOT = iphoneos;
				SWIFT_COMPILATION_MODE = wholemodule;
				SWIFT_OPTIMIZATION_LEVEL = "-O";
				VALIDATE_PRODUCT = YES;
			};
			name = Release;
		};
		1DA963FE253C641800A4B788 /* Debug */ = {
			isa = XCBuildConfiguration;
			buildSettings = {
				ASSETCATALOG_COMPILER_APPICON_NAME = AppIcon;
				ASSETCATALOG_COMPILER_GLOBAL_ACCENT_COLOR_NAME = AccentColor;
				CODE_SIGN_STYLE = Automatic;
				DEVELOPMENT_TEAM = "";
				INFOPLIST_FILE = "iOS-Accessibility-Sampler/Info.plist";
				LD_RUNPATH_SEARCH_PATHS = (
					"$(inherited)",
					"@executable_path/Frameworks",
				);
				PRODUCT_BUNDLE_IDENTIFIER = "com.ryoabe.iOS-Accessibility-Sampler2";
				PRODUCT_NAME = "$(TARGET_NAME)";
				SWIFT_VERSION = 5.0;
				TARGETED_DEVICE_FAMILY = "1,2";
			};
			name = Debug;
		};
		1DA963FF253C641800A4B788 /* Release */ = {
			isa = XCBuildConfiguration;
			buildSettings = {
				ASSETCATALOG_COMPILER_APPICON_NAME = AppIcon;
				ASSETCATALOG_COMPILER_GLOBAL_ACCENT_COLOR_NAME = AccentColor;
				CODE_SIGN_STYLE = Automatic;
				DEVELOPMENT_TEAM = "";
				INFOPLIST_FILE = "iOS-Accessibility-Sampler/Info.plist";
				LD_RUNPATH_SEARCH_PATHS = (
					"$(inherited)",
					"@executable_path/Frameworks",
				);
				PRODUCT_BUNDLE_IDENTIFIER = "com.ryoabe.iOS-Accessibility-Sampler";
				PRODUCT_NAME = "$(TARGET_NAME)";
				SWIFT_VERSION = 5.0;
				TARGETED_DEVICE_FAMILY = "1,2";
			};
			name = Release;
		};
/* End XCBuildConfiguration section */

/* Begin XCConfigurationList section */
		1DA963E4253C641600A4B788 /* Build configuration list for PBXProject "iOS-Accessibility-Sampler" */ = {
			isa = XCConfigurationList;
			buildConfigurations = (
				1DA963FB253C641800A4B788 /* Debug */,
				1DA963FC253C641800A4B788 /* Release */,
			);
			defaultConfigurationIsVisible = 0;
			defaultConfigurationName = Release;
		};
		1DA963FD253C641800A4B788 /* Build configuration list for PBXNativeTarget "iOS-Accessibility-Sampler" */ = {
			isa = XCConfigurationList;
			buildConfigurations = (
				1DA963FE253C641800A4B788 /* Debug */,
				1DA963FF253C641800A4B788 /* Release */,
			);
			defaultConfigurationIsVisible = 0;
			defaultConfigurationName = Release;
		};
/* End XCConfigurationList section */
	};
	rootObject = 1DA963E1253C641600A4B788 /* Project object */;
}
